{
  "lockfileVersion": 1,
  "configVersion": 1,
  "workspaces": {
    "": {
      "name": "flatnotes",
      "dependencies": {
        "@toast-ui/editor": "3.2.2",
        "@toast-ui/editor-plugin-code-syntax-highlight": "3.1.0",
        "bootstrap": "4.6.2",
        "bootstrap-icons": "1.11.3",
        "mitt": "3.0.1",
        "mousetrap": "1.6.5",
        "vue": "3.4.21",
      },
      "devDependencies": {
        "@types/mousetrap": "1.6.15",
        "@types/node": "20.12.12",
        "@vitejs/plugin-vue": "5.0.4",
        "sass": "1.77.1",
        "typescript": "5.4.5",
        "vite": "5.2.11",
        "vue-tsc": "2.0.16",
      },
    },
  },
  "packages": {
    "@babel/helper-string-parser": ["@babel/helper-string-parser@7.27.1", "", {}, "sha512-qMlSxKbpRlAridDExk92nSobyDdpPijUq2DW6oDnUqd0iOGxmQjyqhMIihI9+zv4LPyZdRje2cavWPbCbWm3eA=="],

    "@babel/helper-validator-identifier": ["@babel/helper-validator-identifier@7.28.5", "", {}, "sha512-qSs4ifwzKJSV39ucNjsvc6WVHs6b7S03sOh2OcHF9UHfVPqWWALUsNUVzhSBiItjRZoLHx7nIarVjqKVusUZ1Q=="],

    "@babel/parser": ["@babel/parser@7.29.0", "", { "dependencies": { "@babel/types": "^7.29.0" }, "bin": "./bin/babel-parser.js" }, "sha512-IyDgFV5GeDUVX4YdF/3CPULtVGSXXMLh1xVIgdCgxApktqnQV0r7/8Nqthg+8YLGaAtdyIlo2qIdZrbCv4+7ww=="],

    "@babel/types": ["@babel/types@7.29.0", "", { "dependencies": { "@babel/helper-string-parser": "^7.27.1", "@babel/helper-validator-identifier": "^7.28.5" } }, "sha512-LwdZHpScM4Qz8Xw2iKSzS+cfglZzJGvofQICy7W7v4caru4EaAmyUuO6BGrbyQ2mYV11W0U8j5mBhd14dd3B0A=="],

    "@esbuild/aix-ppc64": ["@esbuild/aix-ppc64@0.20.2", "", { "os": "aix", "cpu": "ppc64" }, "sha512-D+EBOJHXdNZcLJRBkhENNG8Wji2kgc9AZ9KiPr1JuZjsNtyHzrsfLRrY0tk2H2aoFu6RANO1y1iPPUCDYWkb5g=="],

    "@esbuild/android-arm": ["@esbuild/android-arm@0.20.2", "", { "os": "android", "cpu": "arm" }, "sha512-t98Ra6pw2VaDhqNWO2Oph2LXbz/EJcnLmKLGBJwEwXX/JAN83Fym1rU8l0JUWK6HkIbWONCSSatf4sf2NBRx/w=="],

    "@esbuild/android-arm64": ["@esbuild/android-arm64@0.20.2", "", { "os": "android", "cpu": "arm64" }, "sha512-mRzjLacRtl/tWU0SvD8lUEwb61yP9cqQo6noDZP/O8VkwafSYwZ4yWy24kan8jE/IMERpYncRt2dw438LP3Xmg=="],

    "@esbuild/android-x64": ["@esbuild/android-x64@0.20.2", "", { "os": "android", "cpu": "x64" }, "sha512-btzExgV+/lMGDDa194CcUQm53ncxzeBrWJcncOBxuC6ndBkKxnHdFJn86mCIgTELsooUmwUm9FkhSp5HYu00Rg=="],

    "@esbuild/darwin-arm64": ["@esbuild/darwin-arm64@0.20.2", "", { "os": "darwin", "cpu": "arm64" }, "sha512-4J6IRT+10J3aJH3l1yzEg9y3wkTDgDk7TSDFX+wKFiWjqWp/iCfLIYzGyasx9l0SAFPT1HwSCR+0w/h1ES/MjA=="],

    "@esbuild/darwin-x64": ["@esbuild/darwin-x64@0.20.2", "", { "os": "darwin", "cpu": "x64" }, "sha512-tBcXp9KNphnNH0dfhv8KYkZhjc+H3XBkF5DKtswJblV7KlT9EI2+jeA8DgBjp908WEuYll6pF+UStUCfEpdysA=="],

    "@esbuild/freebsd-arm64": ["@esbuild/freebsd-arm64@0.20.2", "", { "os": "freebsd", "cpu": "arm64" }, "sha512-d3qI41G4SuLiCGCFGUrKsSeTXyWG6yem1KcGZVS+3FYlYhtNoNgYrWcvkOoaqMhwXSMrZRl69ArHsGJ9mYdbbw=="],

    "@esbuild/freebsd-x64": ["@esbuild/freebsd-x64@0.20.2", "", { "os": "freebsd", "cpu": "x64" }, "sha512-d+DipyvHRuqEeM5zDivKV1KuXn9WeRX6vqSqIDgwIfPQtwMP4jaDsQsDncjTDDsExT4lR/91OLjRo8bmC1e+Cw=="],

    "@esbuild/linux-arm": ["@esbuild/linux-arm@0.20.2", "", { "os": "linux", "cpu": "arm" }, "sha512-VhLPeR8HTMPccbuWWcEUD1Az68TqaTYyj6nfE4QByZIQEQVWBB8vup8PpR7y1QHL3CpcF6xd5WVBU/+SBEvGTg=="],

    "@esbuild/linux-arm64": ["@esbuild/linux-arm64@0.20.2", "", { "os": "linux", "cpu": "arm64" }, "sha512-9pb6rBjGvTFNira2FLIWqDk/uaf42sSyLE8j1rnUpuzsODBq7FvpwHYZxQ/It/8b+QOS1RYfqgGFNLRI+qlq2A=="],

    "@esbuild/linux-ia32": ["@esbuild/linux-ia32@0.20.2", "", { "os": "linux", "cpu": "ia32" }, "sha512-o10utieEkNPFDZFQm9CoP7Tvb33UutoJqg3qKf1PWVeeJhJw0Q347PxMvBgVVFgouYLGIhFYG0UGdBumROyiig=="],

    "@esbuild/linux-loong64": ["@esbuild/linux-loong64@0.20.2", "", { "os": "linux", "cpu": "none" }, "sha512-PR7sp6R/UC4CFVomVINKJ80pMFlfDfMQMYynX7t1tNTeivQ6XdX5r2XovMmha/VjR1YN/HgHWsVcTRIMkymrgQ=="],

    "@esbuild/linux-mips64el": ["@esbuild/linux-mips64el@0.20.2", "", { "os": "linux", "cpu": "none" }, "sha512-4BlTqeutE/KnOiTG5Y6Sb/Hw6hsBOZapOVF6njAESHInhlQAghVVZL1ZpIctBOoTFbQyGW+LsVYZ8lSSB3wkjA=="],

    "@esbuild/linux-ppc64": ["@esbuild/linux-ppc64@0.20.2", "", { "os": "linux", "cpu": "ppc64" }, "sha512-rD3KsaDprDcfajSKdn25ooz5J5/fWBylaaXkuotBDGnMnDP1Uv5DLAN/45qfnf3JDYyJv/ytGHQaziHUdyzaAg=="],

    "@esbuild/linux-riscv64": ["@esbuild/linux-riscv64@0.20.2", "", { "os": "linux", "cpu": "none" }, "sha512-snwmBKacKmwTMmhLlz/3aH1Q9T8v45bKYGE3j26TsaOVtjIag4wLfWSiZykXzXuE1kbCE+zJRmwp+ZbIHinnVg=="],

    "@esbuild/linux-s390x": ["@esbuild/linux-s390x@0.20.2", "", { "os": "linux", "cpu": "s390x" }, "sha512-wcWISOobRWNm3cezm5HOZcYz1sKoHLd8VL1dl309DiixxVFoFe/o8HnwuIwn6sXre88Nwj+VwZUvJf4AFxkyrQ=="],

    "@esbuild/linux-x64": ["@esbuild/linux-x64@0.20.2", "", { "os": "linux", "cpu": "x64" }, "sha512-1MdwI6OOTsfQfek8sLwgyjOXAu+wKhLEoaOLTjbijk6E2WONYpH9ZU2mNtR+lZ2B4uwr+usqGuVfFT9tMtGvGw=="],

    "@esbuild/netbsd-x64": ["@esbuild/netbsd-x64@0.20.2", "", { "os": "none", "cpu": "x64" }, "sha512-K8/DhBxcVQkzYc43yJXDSyjlFeHQJBiowJ0uVL6Tor3jGQfSGHNNJcWxNbOI8v5k82prYqzPuwkzHt3J1T1iZQ=="],

    "@esbuild/openbsd-x64": ["@esbuild/openbsd-x64@0.20.2", "", { "os": "openbsd", "cpu": "x64" }, "sha512-eMpKlV0SThJmmJgiVyN9jTPJ2VBPquf6Kt/nAoo6DgHAoN57K15ZghiHaMvqjCye/uU4X5u3YSMgVBI1h3vKrQ=="],

    "@esbuild/sunos-x64": ["@esbuild/sunos-x64@0.20.2", "", { "os": "sunos", "cpu": "x64" }, "sha512-2UyFtRC6cXLyejf/YEld4Hajo7UHILetzE1vsRcGL3earZEW77JxrFjH4Ez2qaTiEfMgAXxfAZCm1fvM/G/o8w=="],

    "@esbuild/win32-arm64": ["@esbuild/win32-arm64@0.20.2", "", { "os": "win32", "cpu": "arm64" }, "sha512-GRibxoawM9ZCnDxnP3usoUDO9vUkpAxIIZ6GQI+IlVmr5kP3zUq+l17xELTHMWTWzjxa2guPNyrpq1GWmPvcGQ=="],

    "@esbuild/win32-ia32": ["@esbuild/win32-ia32@0.20.2", "", { "os": "win32", "cpu": "ia32" }, "sha512-HfLOfn9YWmkSKRQqovpnITazdtquEW8/SoHW7pWpuEeguaZI4QnCRW6b+oZTztdBnZOS2hqJ6im/D5cPzBTTlQ=="],

    "@esbuild/win32-x64": ["@esbuild/win32-x64@0.20.2", "", { "os": "win32", "cpu": "x64" }, "sha512-N49X4lJX27+l9jbLKSqZ6bKNjzQvHaT8IIFUy+YIqmXQdjYCToGWwOItDrfby14c78aDd5NHQl29xingXfCdLQ=="],

    "@jridgewell/sourcemap-codec": ["@jridgewell/sourcemap-codec@1.5.5", "", {}, "sha512-cYQ9310grqxueWbl+WuIUIaiUaDcj7WOq5fVhEljNVgRfOUhY9fy2zTvfoqWsnebh8Sl70VScFbICvJnLKB0Og=="],

    "@napi-rs/lzma-linux-x64-gnu": ["@napi-rs/lzma-linux-x64-gnu@1.5.1", "", { "os": "linux", "cpu": "x64" }, "sha512-oTXEIha4SsuXdTA4Iyskj0kpdx2yVXdhd75c2v3xGrHFfVMsbhTPZU/nMPL4sWKo4pBHm3aucLaqGlF696dTyQ=="],

    "@rollup/rollup-android-arm-eabi": ["@rollup/rollup-android-arm-eabi@4.63.1", "", { "os": "android", "cpu": "arm" }, "sha512-UZ8sUxPTiHWYX9QNdJedb1kDZSpS1t/VPWBWGSgqHNi9w3Cu6IXvu2mzbhiTiPvtrqgTQJ+zqiAq2iPIPilpaQ=="],

    "@rollup/rollup-android-arm64": ["@rollup/rollup-android-arm64@4.63.1", "", { "os": "android", "cpu": "arm64" }, "sha512-cQ4nFQABN5cDvDpbvJ7bMStCpnaVxynZrRMfUJYgxcIk9Sh54FIO1vtfkg0B69REjER77ioZ/ov+eAApx/KmLQ=="],

    "@rollup/rollup-darwin-arm64": ["@rollup/rollup-darwin-arm64@4.63.1", "", { "os": "darwin", "cpu": "arm64" }, "sha512-FQNqd1lRy/0QhDk3xeRIkSBiCpXCiDnZO3YLVdcDKN1UBiKToNftCzcXYNLshmPDUMlu2TdeS8tGcsU6f3YF1Q=="],

    "@rollup/rollup-darwin-x64": ["@rollup/rollup-darwin-x64@4.63.1", "", { "os": "darwin", "cpu": "x64" }, "sha512-pvD16V939D3CloK0+qikpGaxiPrDUXTe7Y5cWOMkMSy7m1cawa8EGy/kXYi/G/cKAC4HDAbSnzCIk1WmsoOKXg=="],

    "@rollup/rollup-freebsd-arm64": ["@rollup/rollup-freebsd-arm64@4.63.1", "", { "os": "freebsd", "cpu": "arm64" }, "sha512-pcFGeL2345VwdTnJhA6zLbew+YgWB0qBG2+dMtXjCicf6+rm6kO6cOoh5VnTe0ZMrMRgRyuHmCJxZWrIdzYuOw=="],

    "@rollup/rollup-freebsd-x64": ["@rollup/rollup-freebsd-x64@4.63.1", "", { "os": "freebsd", "cpu": "x64" }, "sha512-mRJlqSRulVzcKq/LKA6ICSIc3K/l4fzlVn/gePn2nXIHy8seRi5z/eeRE0d/XMBxcMldiXtQTSpRj0tkkC3g8Q=="],

    "@rollup/rollup-linux-arm-gnueabihf": ["@rollup/rollup-linux-arm-gnueabihf@4.63.1", "", { "os": "linux", "cpu": "arm" }, "sha512-YDUNvVM85TI3g/1OpnqKP1h4NeW/j64DfWMf+G3M809xNk1bJSnpFp4sh83NpmVE5DXnkh8ULor4LTVZKoYLHw=="],

    "@rollup/rollup-linux-arm-musleabihf": ["@rollup/rollup-linux-arm-musleabihf@4.63.1", "", { "os": "linux", "cpu": "arm" }, "sha512-7Mcn71p9ZuQFAj+h+dhQXy/yeLePRS2yKRnmW1DijA9thKO5qap0GNOIQK4yQ6iP3SU0Mrb/yWo8h8vgRba8lw=="],

    "@rollup/rollup-linux-arm64-gnu": ["@rollup/rollup-linux-arm64-gnu@4.63.1", "", { "os": "linux", "cpu": "arm64" }, "sha512-4YiLQTX6U4CSl0L9cluep9A9W6UmTfqBDc2/CH6wlu54pl4E7Jn3cOD8oxzvBDEGk/JMKgJ47C8g+radF7mwvg=="],

    "@rollup/rollup-linux-arm64-musl": ["@rollup/rollup-linux-arm64-musl@4.63.1", "", { "os": "linux", "cpu": "arm64" }, "sha512-2ra8F7w8OquwZN9z2/fKFnli69wa8PLwaVzRMIPGb13ByMJwC28Fbp8YcVGoUhlYMTt7j5j9bNgpysrN2UM+vw=="],

    "@rollup/rollup-linux-loong64-gnu": ["@rollup/rollup-linux-loong64-gnu@4.63.1", "", { "os": "linux", "cpu": "none" }, "sha512-Sy20ncyhjmBP0Ml+UvQbimjlk6VFgjW5uNP+qqwHB00mTE8Bl2C1TuHTlRwK2YoXeZbee5lP2XevBWVkAQAtSQ=="],

    "@rollup/rollup-linux-loong64-musl": ["@rollup/rollup-linux-loong64-musl@4.63.1", "", { "os": "linux", "cpu": "none" }, "sha512-noITLp8oNjYliPnGWmLyelIHwULGqbHloQHGw1rtxbWhTuWooRpnZarZQJ1y9EUC4szuCusCc+HEpUtxpIwYvA=="],

    "@rollup/rollup-linux-ppc64-gnu": ["@rollup/rollup-linux-ppc64-gnu@4.63.1", "", { "os": "linux", "cpu": "ppc64" }, "sha512-hlxxXd+F1mWiAcaFR7Sv9ZQT6m6UfI8+Vy/kFJzztq2pDMU/0wZ9sish0iszNZvsQDo8Gc0i5yuFEOz5dDf6fA=="],

    "@rollup/rollup-linux-ppc64-musl": ["@rollup/rollup-linux-ppc64-musl@4.63.1", "", { "os": "linux", "cpu": "ppc64" }, "sha512-EF7OpqQTQ/BvGqLzUi4rEHuagCV9MugAUXSHemwPW5vxZ75RR+jxO/2j95Ph2dalMpFHSVECjRoioHZgA9zOYA=="],

    "@rollup/rollup-linux-riscv64-gnu": ["@rollup/rollup-linux-riscv64-gnu@4.63.1", "", { "os": "linux", "cpu": "none" }, "sha512-wQO3JesW9PRkwlabQ27y7sPfVOOTLRG73I4F2UYHG5PXun3J9U3y+b7ezVKSYbsvSKGQ1k1cq8Qlun4C9kLt3w=="],

    "@rollup/rollup-linux-riscv64-musl": ["@rollup/rollup-linux-riscv64-musl@4.63.1", "", { "os": "linux", "cpu": "none" }, "sha512-ouAGwhO6wHRXdnOVCOsB0tRFkA7nhNB2Nwax6oECXN0YiN8EYUTBAOudADOB1PI+yDL61TeNx/u7MVCzksNbkQ=="],

    "@rollup/rollup-linux-s390x-gnu": ["@rollup/rollup-linux-s390x-gnu@4.63.1", "", { "os": "linux", "cpu": "s390x" }, "sha512-q2R38Sn+1J8RxhfJ+T54wSWmyKXWec+9jgDfqO2AtArEqHO5R2aeayp5H5OYLr5UYDVGsVaZPEFUooMhYCdz5A=="],

    "@rollup/rollup-linux-x64-gnu": ["@rollup/rollup-linux-x64-gnu@4.63.1", "", { "os": "linux", "cpu": "x64" }, "sha512-gfI5T24WLLuFfSKw7Go/zDXjAAV0fny0swTaDv+WjK7vqcw4cRhFfdsyKL1n+ukI+ooBxn3bVQnyrn06WpI50w=="],

    "@rollup/rollup-linux-x64-musl": ["@rollup/rollup-linux-x64-musl@4.63.1", "", { "os": "linux", "cpu": "x64" }, "sha512-4h6XqthmB4Hspji84wvgk+ElodTsGj+dbZqHJHHtKxj4mYq0ANSEEPX9ys3moJueqsRjwpaJYH7874Itwnj2ow=="],

    "@rollup/rollup-openbsd-x64": ["@rollup/rollup-openbsd-x64@4.63.1", "", { "os": "openbsd", "cpu": "x64" }, "sha512-dlfCOa87o1VAYegLQ9EKilx2JCeRofiyPGhTCmqnuXZ6bMPiycO1rq1+sKoulAp7pGLIsTIw+1x5R+zgh5LhhA=="],

    "@rollup/rollup-openharmony-arm64": ["@rollup/rollup-openharmony-arm64@4.63.1", "", { "os": "none", "cpu": "arm64" }, "sha512-cjkLbOlfcm3QGhMM1J5zaZjsw1GggbN6rw9UTSSRrPrR1KkcXnN7Uq9rPw34xImQ9VOY9GN+6u2Zj80B9ptkcw=="],

    "@rollup/rollup-win32-arm64-msvc": ["@rollup/rollup-win32-arm64-msvc@4.63.1", "", { "os": "win32", "cpu": "arm64" }, "sha512-Li1KdUnWGE4N3e1F/B4RTB1ms+nG4WBgjByO46pkeBVX/2UBsY53xf5vK9WygVmnH3RwncIST7lkSdLSY6P9lg=="],

    "@rollup/rollup-win32-ia32-msvc": ["@rollup/rollup-win32-ia32-msvc@4.63.1", "", { "os": "win32", "cpu": "ia32" }, "sha512-t4ZYOSoLTgwhuFMrmTMLx/+i1DQVK7HYqMc6kY46EApwi8X0nIVphzdNoThU3xt6n+N5urG1/gxBdCaKDLavfg=="],

    "@rollup/rollup-win32-x64-gnu": ["@rollup/rollup-win32-x64-gnu@4.63.1", "", { "os": "win32", "cpu": "x64" }, "sha512-RgroPfMmKlD1RzSDxvwgcPiy2HNQKoYV7OmwIXDsk73uKW5t6B/V8KIy27SMv/FNXFo/oSBtWc9J0X7t91ezZg=="],

    "@rollup/rollup-win32-x64-msvc": ["@rollup/rollup-win32-x64-msvc@4.63.1", "", { "os": "win32", "cpu": "x64" }, "sha512-at8QVep6S3h5Y6gSbdGU06bRY5WJkf6WUduM9YtvYMbYhB1MOFfUgc6kehitQXzOtMSaT70q7f9ydPhpqu821w=="],

    "@toast-ui/editor": ["@toast-ui/editor@3.2.2", "", { "dependencies": { "dompurify": "^2.3.3", "prosemirror-commands": "^1.1.9", "prosemirror-history": "^1.1.3", "prosemirror-inputrules": "^1.1.3", "prosemirror-keymap": "^1.1.4", "prosemirror-model": "^1.14.1", "prosemirror-state": "^1.3.4", "prosemirror-view": "^1.18.7" } }, "sha512-ASX7LFjN2ZYQJrwmkUajPs7DRr9FsM1+RQ82CfTO0Y5ZXorBk1VZS4C2Dpxinx9kl55V4F8/A2h2QF4QMDtRbA=="],

    "@toast-ui/editor-plugin-code-syntax-highlight": ["@toast-ui/editor-plugin-code-syntax-highlight@3.1.0", "", { "dependencies": { "prismjs": "^1.23.0" } }, "sha512-OgX5pZiTnHREoTTXDAFu1k6RzEspGOxeJNRlt/Lnoi1GvLbIpUTTbBcls9becpXT/Qdls++8G3r5C60cVdellA=="],

    "@types/estree": ["@types/estree@1.0.9", "", {}, "sha512-GhdPgy1el4/ImP05X05Uw4cw2/M93BCUmnEvWZNStlCzEKME4Fkk+YpoA5OiHNQmoS7Cafb8Xa3Pya8m1Qrzeg=="],

    "@types/mousetrap": ["@types/mousetrap@1.6.15", "", {}, "sha512-qL0hyIMNPow317QWW/63RvL1x5MVMV+Ru3NaY9f/CuEpCqrmb7WeuK2071ZY5hczOnm38qExWM2i2WtkXLSqFw=="],

    "@types/node": ["@types/node@20.12.12", "", { "dependencies": { "undici-types": "~5.26.4" } }, "sha512-eWLDGF/FOSPtAvEqeRAQ4C8LSA7M1I7i0ky1I8U7kD1J5ITyW3AsRhQrKVoWf5pFKZ2kILsEGJhsI9r93PYnOw=="],

    "@vitejs/plugin-vue": ["@vitejs/plugin-vue@5.0.4", "", { "peerDependencies": { "vite": "^5.0.0", "vue": "^3.2.25" } }, "sha512-WS3hevEszI6CEVEx28F8RjTX97k3KsrcY6kvTg7+Whm5y3oYvcqzVeGCU3hxSAn4uY2CLCkeokkGKpoctccilQ=="],

    "@volar/language-core": ["@volar/language-core@2.2.5", "", { "dependencies": { "@volar/source-map": "2.2.5" } }, "sha512-2htyAuxRrAgETmFeUhT4XLELk3LiEcqoW/B8YUXMF6BrGWLMwIR09MFaZYvrA2UhbdAeSyeQ726HaWSWkexUcQ=="],

    "@volar/source-map": ["@volar/source-map@2.2.5", "", { "dependencies": { "muggle-string": "^0.4.0" } }, "sha512-wrOEIiZNf4E+PWB0AxyM4tfhkfldPsb3bxg8N6FHrxJH2ohar7aGu48e98bp3pR9HUA7P/pR9VrLmkTrgCCnWQ=="],

    "@volar/typescript": ["@volar/typescript@2.2.5", "", { "dependencies": { "@volar/language-core": "2.2.5", "path-browserify": "^1.0.1" } }, "sha512-eSV/n75+ppfEVugMC/salZsI44nXDPAyL6+iTYCNLtiLHGJsnMv9GwiDMujrvAUj/aLQyqRJgYtXRoxop2clCw=="],

    "@vue/compiler-core": ["@vue/compiler-core@3.4.21", "", { "dependencies": { "@babel/parser": "^7.23.9", "@vue/shared": "3.4.21", "entities": "^4.5.0", "estree-walker": "^2.0.2", "source-map-js": "^1.0.2" } }, "sha512-MjXawxZf2SbZszLPYxaFCjxfibYrzr3eYbKxwpLR9EQN+oaziSu3qKVbwBERj1IFIB8OLUewxB5m/BFzi613og=="],

    "@vue/compiler-dom": ["@vue/compiler-dom@3.4.21", "", { "dependencies": { "@vue/compiler-core": "3.4.21", "@vue/shared": "3.4.21" } }, "sha512-IZC6FKowtT1sl0CR5DpXSiEB5ayw75oT2bma1BEhV7RRR1+cfwLrxc2Z8Zq/RGFzJ8w5r9QtCOvTjQgdn0IKmA=="],

    "@vue/compiler-sfc": ["@vue/compiler-sfc@3.4.21", "", { "dependencies": { "@babel/parser": "^7.23.9", "@vue/compiler-core": "3.4.21", "@vue/compiler-dom": "3.4.21", "@vue/compiler-ssr": "3.4.21", "@vue/shared": "3.4.21", "estree-walker": "^2.0.2", "magic-string": "^0.30.7", "postcss": "^8.4.35", "source-map-js": "^1.0.2" } }, "sha512-me7epoTxYlY+2CUM7hy9PCDdpMPfIwrOvAXud2Upk10g4YLv9UBW7kL798TvMeDhPthkZ0CONNrK2GoeI1ODiQ=="],

    "@vue/compiler-ssr": ["@vue/compiler-ssr@3.4.21", "", { "dependencies": { "@vue/compiler-dom": "3.4.21", "@vue/shared": "3.4.21" } }, "sha512-M5+9nI2lPpAsgXOGQobnIueVqc9sisBFexh5yMIMRAPYLa7+5wEJs8iqOZc1WAa9WQbx9GR2twgznU8LTIiZ4Q=="],

    "@vue/language-core": ["@vue/language-core@2.0.16", "", { "dependencies": { "@volar/language-core": "~2.2.0", "@vue/compiler-dom": "^3.4.0", "@vue/shared": "^3.4.0", "computeds": "^0.0.1", "minimatch": "^9.0.3", "path-browserify": "^1.0.1", "vue-template-compiler": "^2.7.14" }, "peerDependencies": { "typescript": "*" }, "optionalPeers": ["typescript"] }, "sha512-Bc2sexRH99pznOph8mLw2BlRZ9edm7tW51kcBXgx8adAoOcZUWJj3UNSsdQ6H9Y8meGz7BoazVrVo/jUukIsPw=="],

    "@vue/reactivity": ["@vue/reactivity@3.4.21", "", { "dependencies": { "@vue/shared": "3.4.21" } }, "sha512-UhenImdc0L0/4ahGCyEzc/pZNwVgcglGy9HVzJ1Bq2Mm9qXOpP8RyNTjookw/gOCUlXSEtuZ2fUg5nrHcoqJcw=="],

    "@vue/runtime-core": ["@vue/runtime-core@3.4.21", "", { "dependencies": { "@vue/reactivity": "3.4.21", "@vue/shared": "3.4.21" } }, "sha512-pQthsuYzE1XcGZznTKn73G0s14eCJcjaLvp3/DKeYWoFacD9glJoqlNBxt3W2c5S40t6CCcpPf+jG01N3ULyrA=="],

    "@vue/runtime-dom": ["@vue/runtime-dom@3.4.21", "", { "dependencies": { "@vue/runtime-core": "3.4.21", "@vue/shared": "3.4.21", "csstype": "^3.1.3" } }, "sha512-gvf+C9cFpevsQxbkRBS1NpU8CqxKw0ebqMvLwcGQrNpx6gqRDodqKqA+A2VZZpQ9RpK2f9yfg8VbW/EpdFUOJw=="],

    "@vue/server-renderer": ["@vue/server-renderer@3.4.21", "", { "dependencies": { "@vue/compiler-ssr": "3.4.21", "@vue/shared": "3.4.21" }, "peerDependencies": { "vue": "3.4.21" } }, "sha512-aV1gXyKSN6Rz+6kZ6kr5+Ll14YzmIbeuWe7ryJl5muJ4uwSwY/aStXTixx76TwkZFJLm1aAlA/HSWEJ4EyiMkg=="],

    "@vue/shared": ["@vue/shared@3.4.21", "", {}, "sha512-PuJe7vDIi6VYSinuEbUIQgMIRZGgM8e4R+G+/dQTk0X1NEdvgvvgv7m+rfmDH1gZzyA1OjjoWskvHlfRNfQf3g=="],

    "anymatch": ["anymatch@3.1.3", "", { "dependencies": { "normalize-path": "^3.0.0", "picomatch": "^2.0.4" } }, "sha512-KMReFUr0B4t+D+OBkjR3KYqvocp2XaSzO55UcB6mgQMd3KbcE+mWTyvVV7D/zsdEbNnV6acZUutkiHQXvTr1Rw=="],

    "balanced-match": ["balanced-match@1.0.2", "", {}, "sha512-3oSeUO0TMV67hN1AmbXsK4yaqU7tjiHlbxRDZOpH0KW9+CeX4bRAaX0Anxt0tx2MrpRpWwQaPwIlISEJhYU5Pw=="],

    "binary-extensions": ["binary-extensions@2.3.0", "", {}, "sha512-Ceh+7ox5qe7LJuLHoY0feh3pHuUDHAcRUeyL2VYghZwfpkNIy/+8Ocg0a3UuSoYzavmylwuLWQOf3hl0jjMMIw=="],

    "bootstrap": ["bootstrap@4.6.2", "", { "peerDependencies": { "jquery": "1.9.1 - 3", "popper.js": "^1.16.1" } }, "sha512-51Bbp/Uxr9aTuy6ca/8FbFloBUJZLHwnhTcnjIeRn2suQWsWzcuJhGjKDB5eppVte/8oCdOL3VuwxvZDUggwGQ=="],

    "bootstrap-icons": ["bootstrap-icons@1.11.3", "", {}, "sha512-+3lpHrCw/it2/7lBL15VR0HEumaBss0+f/Lb6ZvHISn1mlK83jjFpooTLsMWbIjJMDjDjOExMsTxnXSIT4k4ww=="],

    "brace-expansion": ["brace-expansion@2.1.4", "", { "dependencies": { "balanced-match": "^1.0.0" } }, "sha512-hGfVzPxthbf3+2yjg/RBs60cB0FhqBS/zvdV/4wn4/BmN0bNMMHPc4V/BbFieqf1TKAGGAHnY4eSjajCl0f2Xg=="],

    "braces": ["braces@3.0.3", "", { "dependencies": { "fill-range": "^7.1.1" } }, "sha512-yQbXgO/OSZVD2IsiLlro+7Hf6Q18EJrKSEsdoMzKePKXct3gvD8oLcOQdIzGupr5Fj+EDe8gO/lxc1BzfMpxvA=="],

    "chokidar": ["chokidar@3.6.0", "", { "dependencies": { "anymatch": "~3.1.2", "braces": "~3.0.2", "glob-parent": "~5.1.2", "is-binary-path": "~2.1.0", "is-glob": "~4.0.1", "normalize-path": "~3.0.0", "readdirp": "~3.6.0" }, "optionalDependencies": { "fsevents": "~2.3.2" } }, "sha512-7VT13fmjotKpGipCW9JEQAusEPE+Ei8nl6/g4FBAmIm0GOOLMua9NDDo/DWp0ZAxCr3cPq5ZpBqmPAQgDda2Pw=="],

    "computeds": ["computeds@0.0.1", "", {}, "sha512-7CEBgcMjVmitjYo5q8JTJVra6X5mQ20uTThdK+0kR7UEaDrAWEQcRiBtWJzga4eRpP6afNwwLsX2SET2JhVB1Q=="],

    "csstype": ["csstype@3.2.3", "", {}, "sha512-z1HGKcYy2xA8AGQfwrn0PAy+PB7X/GSj3UVJW9qKyn43xWa+gl5nXmU4qqLMRzWVLFC8KusUX8T/0kCiOYpAIQ=="],

    "de-indent": ["de-indent@1.0.2", "", {}, "sha512-e/1zu3xH5MQryN2zdVaF0OrdNLUbvWxzMbi+iNA6Bky7l1RoP8a2fIbRocyHclXt/arDrrR6lL3TqFD9pMQTsg=="],

    "dompurify": ["dompurify@2.5.8", "", {}, "sha512-o1vSNgrmYMQObbSSvF/1brBYEQPHhV1+gsmrusO7/GXtp1T9rCS8cXFqVxK/9crT1jA6Ccv+5MTSjBNqr7Sovw=="],

    "entities": ["entities@4.5.0", "", {}, "sha512-V0hjH4dGPh9Ao5p0MoRY6BVqtwCjhz6vI5LT8AJ55H+4g9/4vbHx1I54fS0XuclLhDHArPQCiMjDxjaL8fPxhw=="],

    "esbuild": ["esbuild@0.20.2", "", { "optionalDependencies": { "@esbuild/aix-ppc64": "0.20.2", "@esbuild/android-arm": "0.20.2", "@esbuild/android-arm64": "0.20.2", "@esbuild/android-x64": "0.20.2", "@esbuild/darwin-arm64": "0.20.2", "@esbuild/darwin-x64": "0.20.2", "@esbuild/freebsd-arm64": "0.20.2", "@esbuild/freebsd-x64": "0.20.2", "@esbuild/linux-arm": "0.20.2", "@esbuild/linux-arm64": "0.20.2", "@esbuild/linux-ia32": "0.20.2", "@esbuild/linux-loong64": "0.20.2", "@esbuild/linux-mips64el": "0.20.2", "@esbuild/linux-ppc64": "0.20.2", "@esbuild/linux-riscv64": "0.20.2", "@esbuild/linux-s390x": "0.20.2", "@esbuild/linux-x64": "0.20.2", "@esbuild/netbsd-x64": "0.20.2", "@esbuild/openbsd-x64": "0.20.2", "@esbuild/sunos-x64": "0.20.2", "@esbuild/win32-arm64": "0.20.2", "@esbuild/win32-ia32": "0.20.2", "@esbuild/win32-x64": "0.20.2" }, "bin": { "esbuild": "bin/esbuild" } }, "sha512-WdOOppmUNU+IbZ0PaDiTst80zjnrOkyJNHoKupIcVyU8Lvla3Ugx94VzkQ32Ijqd7UhHJy75gNWDMUekcrSJ6g=="],

    "estree-walker": ["estree-walker@2.0.2", "", {}, "sha512-Rfkk/Mp/DL7JVje3u18FxFujQlTNR2q6QfMSMB7AvCBx91NGj/ba3kCfza0f6dVDbw7YlRf/nDrn7pQrCCyQ/w=="],

    "fill-range": ["fill-range@7.1.1", "", { "dependencies": { "to-regex-range": "^5.0.1" } }, "sha512-YsGpe3WHLK8ZYi4tWDg2Jy3ebRz2rXowDxnld4bkQB00cc/1Zw9AWnC0i9ztDJitivtQvaI9KaLyKrc+hBW0yg=="],

    "fsevents": ["fsevents@2.3.3", "", { "os": "darwin" }, "sha512-5xoDfX+fL7faATnagmWPpbFtwh/R77WmMMqqHGS65C3vvB0YHrgF+B1YmZ3441tMj5n63k0212XNoJwzlhffQw=="],

    "glob-parent": ["glob-parent@5.1.2", "", { "dependencies": { "is-glob": "^4.0.1" } }, "sha512-AOIgSQCepiJYwP3ARnGx+5VnTu2HBYdzbGP45eLw1vr3zB3vZLeyed1sC9hnbcOc9/SrMyM5RPQrkGz4aS9Zow=="],

    "he": ["he@1.2.0", "", { "bin": { "he": "bin/he" } }, "sha512-F/1DnUGPopORZi0ni+CvrCgHQ5FyEAHRLSApuYWMmrbSwoN2Mn/7k+Gl38gJnR7yyDZk6WLXwiGod1JOWNDKGw=="],

    "immutable": ["immutable@4.3.9", "", {}, "sha512-ObHy4YN7ycwZOUCLI1/6svfyAFu7vL8RhAvVu/bh/RZW9EPlOyDaQ9jDQWCtdqzaXUjgXZCW1migtHE7YI7UGQ=="],

    "is-binary-path": ["is-binary-path@2.1.0", "", { "dependencies": { "binary-extensions": "^2.0.0" } }, "sha512-ZMERYes6pDydyuGidse7OsHxtbI7WVeUEozgR/g7rd0xUimYNlvZRE/K2MgZTjWy725IfelLeVcEM97mmtRGXw=="],

    "is-extglob": ["is-extglob@2.1.1", "", {}, "sha512-SbKbANkN603Vi4jEZv49LeVJMn4yGwsbzZworEoyEiutsN3nJYdbO36zfhGJ6QEDpOZIFkDtnq5JRxmvl3jsoQ=="],

    "is-glob": ["is-glob@4.0.3", "", { "dependencies": { "is-extglob": "^2.1.1" } }, "sha512-xelSayHH36ZgE7ZWhli7pW34hNbNl8Ojv5KVmkJD4hBdD3th8Tfk9vYasLM+mXWOZhFkgZfxhLSnrwRr4elSSg=="],

    "is-number": ["is-number@7.0.0", "", {}, "sha512-41Cifkg6e8TylSpdtTpeLVMqvSBEVzTttHvERD741+pnZ8ANv0004MRL43QKPDlK9cGvNp6NZWZUBlbGXYxxng=="],

    "jquery": ["jquery@3.7.1", "", {}, "sha512-m4avr8yL8kmFN8psrbFFFmB/If14iN5o9nw/NgnnM+kybDJpRsAynV2BsfpTYrTRysYUdADVD7CkUUizgkpLfg=="],

    "magic-string": ["magic-string@0.30.21", "", { "dependencies": { "@jridgewell/sourcemap-codec": "^1.5.5" } }, "sha512-vd2F4YUyEXKGcLHoq+TEyCjxueSeHnFxyyjNp80yg0XV4vUhnDer/lvvlqM/arB5bXQN5K2/3oinyCRyx8T2CQ=="],

    "minimatch": ["minimatch@9.0.9", "", { "dependencies": { "brace-expansion": "^2.0.2" } }, "sha512-OBwBN9AL4dqmETlpS2zasx+vTeWclWzkblfZk7KTA5j3jeOONz/tRCnZomUyvNg83wL5Zv9Ss6HMJXAgL8R2Yg=="],

    "mitt": ["mitt@3.0.1", "", {}, "sha512-vKivATfr97l2/QBCYAkXYDbrIWPM2IIKEl7YPhjCvKlG3kE2gm+uBo6nEXK3M5/Ffh/FLpKExzOQ3JJoJGFKBw=="],

    "mousetrap": ["mousetrap@1.6.5", "", {}, "sha512-QNo4kEepaIBwiT8CDhP98umTetp+JNfQYBWvC1pc6/OAibuXtRcxZ58Qz8skvEHYvURne/7R8T5VoOI7rDsEUA=="],

    "muggle-string": ["muggle-string@0.4.1", "", {}, "sha512-VNTrAak/KhO2i8dqqnqnAHOa3cYBwXEZe9h+D5h/1ZqFSTEFHdM65lR7RoIqq3tBBYavsOXV84NoHXZ0AkPyqQ=="],

    "nanoid": ["nanoid@3.3.11", "", { "bin": { "nanoid": "bin/nanoid.cjs" } }, "sha512-N8SpfPUnUp1bK+PMYW8qSWdl9U+wwNWI4QKxOYDy9JAro3WMX7p2OeVRF9v+347pnakNevPmiHhNmZ2HbFA76w=="],

    "normalize-path": ["normalize-path@3.0.0", "", {}, "sha512-6eZs5Ls3WtCisHWp9S2GUy8dqkpGi4BVSz3GaqiE6ezub0512ESztXUwUB6C6IKbQkY2Pnb/mD4WYojCRwcwLA=="],

    "orderedmap": ["orderedmap@2.1.1", "", {}, "sha512-TvAWxi0nDe1j/rtMcWcIj94+Ffe6n7zhow33h40SKxmsmozs6dz/e+EajymfoFcHd7sxNn8yHM8839uixMOV6g=="],

    "path-browserify": ["path-browserify@1.0.1", "", {}, "sha512-b7uo2UCUOYZcnF/3ID0lulOJi/bafxa1xPe7ZPsammBSpjSWQkjNxlt635YGS2MiR9GjvuXCtz2emr3jbsz98g=="],

    "picocolors": ["picocolors@1.1.1", "", {}, "sha512-xceH2snhtb5M9liqDsmEw56le376mTZkEX/jEb/RxNFyegNul7eNslCXP9FDj/Lcu0X8KEyMceP2ntpaHrDEVA=="],

    "picomatch": ["picomatch@2.3.2", "", {}, "sha512-V7+vQEJ06Z+c5tSye8S+nHUfI51xoXIXjHQ99cQtKUkQqqO1kO/KCJUfZXuB47h/YBlDhah2H3hdUGXn8ie0oA=="],

    "popper.js": ["popper.js@1.16.1", "", {}, "sha512-Wb4p1J4zyFTbM+u6WuO4XstYx4Ky9Cewe4DWrel7B0w6VVICvPwdOpotjzcf6eD8TsckVnIMNONQyPIUFOUbCQ=="],

    "postcss": ["postcss@8.5.6", "", { "dependencies": { "nanoid": "^3.3.11", "picocolors": "^1.1.1", "source-map-js": "^1.2.1" } }, "sha512-3Ybi1tAuwAP9s0r1UQ2J4n5Y0G05bJkpUIO0/bI9MhwmD70S5aTWbXGBwxHrelT+XM1k6dM0pk+SwNkpTRN7Pg=="],

    "prismjs": ["prismjs@1.30.0", "", {}, "sha512-DEvV2ZF2r2/63V+tK8hQvrR2ZGn10srHbXviTlcv7Kpzw8jWiNTqbVgjO3IY8RxrrOUF8VPMQQFysYYYv0YZxw=="],

    "prosemirror-commands": ["prosemirror-commands@1.7.1", "", { "dependencies": { "prosemirror-model": "^1.0.0", "prosemirror-state": "^1.0.0", "prosemirror-transform": "^1.10.2" } }, "sha512-rT7qZnQtx5c0/y/KlYaGvtG411S97UaL6gdp6RIZ23DLHanMYLyfGBV5DtSnZdthQql7W+lEVbpSfwtO8T+L2w=="],

    "prosemirror-history": ["prosemirror-history@1.5.0", "", { "dependencies": { "prosemirror-state": "^1.2.2", "prosemirror-transform": "^1.0.0", "prosemirror-view": "^1.31.0", "rope-sequence": "^1.3.0" } }, "sha512-zlzTiH01eKA55UAf1MEjtssJeHnGxO0j4K4Dpx+gnmX9n+SHNlDqI2oO1Kv1iPN5B1dm5fsljCfqKF9nFL6HRg=="],

    "prosemirror-inputrules": ["prosemirror-inputrules@1.5.1", "", { "dependencies": { "prosemirror-state": "^1.0.0", "prosemirror-transform": "^1.0.0" } }, "sha512-7wj4uMjKaXWAQ1CDgxNzNtR9AlsuwzHfdFH1ygEHA2KHF2DOEaXl1CJfNPAKCg9qNEh4rum975QLaCiQPyY6Fw=="],

    "prosemirror-keymap": ["prosemirror-keymap@1.2.3", "", { "dependencies": { "prosemirror-state": "^1.0.0", "w3c-keyname": "^2.2.0" } }, "sha512-4HucRlpiLd1IPQQXNqeo81BGtkY8Ai5smHhKW9jjPKRc2wQIxksg7Hl1tTI2IfT2B/LgX6bfYvXxEpJl7aKYKw=="],

    "prosemirror-model": ["prosemirror-model@1.25.4", "", { "dependencies": { "orderedmap": "^2.0.0" } }, "sha512-PIM7E43PBxKce8OQeezAs9j4TP+5yDpZVbuurd1h5phUxEKIu+G2a+EUZzIC5nS1mJktDJWzbqS23n1tsAf5QA=="],

    "prosemirror-state": ["prosemirror-state@1.4.4", "", { "dependencies": { "prosemirror-model": "^1.0.0", "prosemirror-transform": "^1.0.0", "prosemirror-view": "^1.27.0" } }, "sha512-6jiYHH2CIGbCfnxdHbXZ12gySFY/fz/ulZE333G6bPqIZ4F+TXo9ifiR86nAHpWnfoNjOb3o5ESi7J8Uz1jXHw=="],

    "prosemirror-transform": ["prosemirror-transform@1.11.0", "", { "dependencies": { "prosemirror-model": "^1.21.0" } }, "sha512-4I7Ce4KpygXb9bkiPS3hTEk4dSHorfRw8uI0pE8IhxlK2GXsqv5tIA7JUSxtSu7u8APVOTtbUBxTmnHIxVkIJw=="],

    "prosemirror-view": ["prosemirror-view@1.41.6", "", { "dependencies": { "prosemirror-model": "^1.20.0", "prosemirror-state": "^1.0.0", "prosemirror-transform": "^1.1.0" } }, "sha512-mxpcDG4hNQa/CPtzxjdlir5bJFDlm0/x5nGBbStB2BWX+XOQ9M8ekEG+ojqB5BcVu2Rc80/jssCMZzSstJuSYg=="],

    "readdirp": ["readdirp@3.6.0", "", { "dependencies": { "picomatch": "^2.2.1" } }, "sha512-hOS089on8RduqdbhvQ5Z37A0ESjsqz6qnRcffsMU3495FuTdqSm+7bhJ29JvIOsBDEEnan5DPu9t3To9VRlMzA=="],

    "rollup": ["rollup@4.63.1", "", { "dependencies": { "@types/estree": "1.0.9" }, "optionalDependencies": { "@napi-rs/lzma-linux-x64-gnu": "1.5.1", "@rollup/rollup-android-arm-eabi": "4.63.1", "@rollup/rollup-android-arm64": "4.63.1", "@rollup/rollup-darwin-arm64": "4.63.1", "@rollup/rollup-darwin-x64": "4.63.1", "@rollup/rollup-freebsd-arm64": "4.63.1", "@rollup/rollup-freebsd-x64": "4.63.1", "@rollup/rollup-linux-arm-gnueabihf": "4.63.1", "@rollup/rollup-linux-arm-musleabihf": "4.63.1", "@rollup/rollup-linux-arm64-gnu": "4.63.1", "@rollup/rollup-linux-arm64-musl": "4.63.1", "@rollup/rollup-linux-loong64-gnu": "4.63.1", "@rollup/rollup-linux-loong64-musl": "4.63.1", "@rollup/rollup-linux-ppc64-gnu": "4.63.1", "@rollup/rollup-linux-ppc64-musl": "4.63.1", "@rollup/rollup-linux-riscv64-gnu": "4.63.1", "@rollup/rollup-linux-riscv64-musl": "4.63.1", "@rollup/rollup-linux-s390x-gnu": "4.63.1", "@rollup/rollup-linux-x64-gnu": "4.63.1", "@rollup/rollup-linux-x64-musl": "4.63.1", "@rollup/rollup-openbsd-x64": "4.63.1", "@rollup/rollup-openharmony-arm64": "4.63.1", "@rollup/rollup-win32-arm64-msvc": "4.63.1", "@rollup/rollup-win32-ia32-msvc": "4.63.1", "@rollup/rollup-win32-x64-gnu": "4.63.1", "@rollup/rollup-win32-x64-msvc": "4.63.1", "fsevents": "~2.3.2" }, "bin": { "rollup": "dist/bin/rollup" } }, "sha512-3Df9jsstwhccuEfmAMi9l8XUh/GOkVObmFTU7CCVBysEbcOZLl84jCtaAZMcPiMz2EGKsATzQcU+Xr3n/wU6cg=="],

    "rope-sequence": ["rope-sequence@1.3.4", "", {}, "sha512-UT5EDe2cu2E/6O4igUr5PSFs23nvvukicWHx6GnOPlHAiiYbzNuCRQCuiUdHJQcqKalLKlrYJnjY0ySGsXNQXQ=="],

    "sass": ["sass@1.77.1", "", { "dependencies": { "chokidar": ">=3.0.0 <4.0.0", "immutable": "^4.0.0", "source-map-js": ">=0.6.2 <2.0.0" }, "bin": { "sass": "sass.js" } }, "sha512-OMEyfirt9XEfyvocduUIOlUSkWOXS/LAt6oblR/ISXCTukyavjex+zQNm51pPCOiFKY1QpWvEH1EeCkgyV3I6w=="],

    "semver": ["semver@7.8.5", "", { "bin": { "semver": "bin/semver.js" } }, "sha512-Y7/KDsb8LjooZpwaqGyulO6DQlksgCncchHGk+sZIY4SBvUocMBEFH5Ur1fI4dV+Jvl0w6cjvucaIi40puRioA=="],

    "source-map-js": ["source-map-js@1.2.1", "", {}, "sha512-UXWMKhLOwVKb728IUtQPXxfYU+usdybtUrK/8uGE8CQMvrhOpwvzDBwj0QhSL7MQc7vIsISBG8VQ8+IDQxpfQA=="],

    "to-regex-range": ["to-regex-range@5.0.1", "", { "dependencies": { "is-number": "^7.0.0" } }, "sha512-65P7iz6X5yEr1cwcgvQxbbIw7Uk3gOy5dIdtZ4rDveLqhrdJP+Li/Hx6tyK0NEb+2GCyneCMJiGqrADCSNk8sQ=="],

    "typescript": ["typescript@5.4.5", "", { "bin": { "tsc": "bin/tsc", "tsserver": "bin/tsserver" } }, "sha512-vcI4UpRgg81oIRUFwR0WSIHKt11nJ7SAVlYNIu+QpqeyXP+gpQJy/Z4+F0aGxSE4MqwjyXvW/TzgkLAx2AGHwQ=="],

    "undici-types": ["undici-types@5.26.5", "", {}, "sha512-JlCMO+ehdEIKqlFxk6IfVoAUVmgz7cU7zD/h9XZ0qzeosSHmUJVOzSQvvYSYWXkFXC+IfLKSIffhv0sVZup6pA=="],

    "vite": ["vite@5.2.11", "", { "dependencies": { "esbuild": "^0.20.1", "postcss": "^8.4.38", "rollup": "^4.13.0" }, "optionalDependencies": { "fsevents": "~2.3.3" }, "peerDependencies": { "@types/node": "^18.0.0 || >=20.0.0", "less": "*", "lightningcss": "^1.21.0", "sass": "*", "stylus": "*", "sugarss": "*", "terser": "^5.4.0" }, "optionalPeers": ["@types/node", "less", "lightningcss", "sass", "stylus", "sugarss", "terser"], "bin": { "vite": "bin/vite.js" } }, "sha512-HndV31LWW05i1BLPMUCE1B9E9GFbOu1MbenhS58FuK6owSO5qHm7GiCotrNY1YE5rMeQSFBGmT5ZaLEjFizgiQ=="],

    "vue": ["vue@3.4.21", "", { "dependencies": { "@vue/compiler-dom": "3.4.21", "@vue/compiler-sfc": "3.4.21", "@vue/runtime-dom": "3.4.21", "@vue/server-renderer": "3.4.21", "@vue/shared": "3.4.21" }, "peerDependencies": { "typescript": "*" }, "optionalPeers": ["typescript"] }, "sha512-5hjyV/jLEIKD/jYl4cavMcnzKwjMKohureP8ejn3hhEjwhWIhWeuzL2kJAjzl/WyVsgPY56Sy4Z40C3lVshxXA=="],

    "vue-template-compiler": ["vue-template-compiler@2.7.16", "", { "dependencies": { "de-indent": "^1.0.2", "he": "^1.2.0" } }, "sha512-AYbUWAJHLGGQM7+cNTELw+KsOG9nl2CnSv467WobS5Cv9uk3wFcnr1Etsz2sEIHEZvw1U+o9mRlEO6QbZvUPGQ=="],

    "vue-tsc": ["vue-tsc@2.0.16", "", { "dependencies": { "@volar/typescript": "~2.2.0", "@vue/language-core": "2.0.16", "semver": "^7.5.4" }, "peerDependencies": { "typescript": "*" }, "bin": { "vue-tsc": "bin/vue-tsc.js" } }, "sha512-/gHAWJa216PeEhfxtAToIbxdWgw01wuQzo48ZUqMYVEyNqDp+OYV9xMO5HaPS2P3Ls0+EsjguMZLY4cGobX4Ew=="],

    "w3c-keyname": ["w3c-keyname@2.2.8", "", {}, "sha512-dpojBhNsCNN7T82Tm7k26A6G9ML3NkhDsnw9n/eoxSRlVBB4CEtIQ/KTCLI2Fwf3ataSXRhYFkQi3SlnFwPvPQ=="],

    "@vue/language-core/@vue/compiler-dom": ["@vue/compiler-dom@3.5.42", "", { "dependencies": { "@vue/compiler-core": "3.5.42", "@vue/shared": "3.5.42" } }, "sha512-qbhQZEFmycr+ni/qyuccS4sucNN7VAbDfbkvNxWOX2VfgFm90MNs3/UhRNKoPMEIVn0F8gdlYjLPvqxHwHeQOA=="],

    "@vue/language-core/@vue/shared": ["@vue/shared@3.5.42", "", {}, "sha512-2rPxex1jQf4jvl9MOHl6YaXCPcrNqz/FstMOEh3QWY+/OME9nQTvl9WYeCwhW7AFjaR0SnngZGlp/wkR6rkI6g=="],

    "@vue/language-core/@vue/compiler-dom/@vue/compiler-core": ["@vue/compiler-core@3.5.42", "", { "dependencies": { "@babel/parser": "^7.29.8", "@vue/shared": "3.5.42", "entities": "^7.0.1", "estree-walker": "^2.0.2", "source-map-js": "^1.2.1" } }, "sha512-2Ye1ilMtKXxl8qZUrQ5j0CdgenFp/HFQmta6rfRyfEsTG69L6Wk+tWuNoHYHMx9E8tF2Slvdg1FuwDvAXdy1LQ=="],

    "@vue/language-core/@vue/compiler-dom/@vue/compiler-core/@babel/parser": ["@babel/parser@7.29.8", "", { "dependencies": { "@babel/types": "^7.29.8" }, "bin": "./bin/babel-parser.js" }, "sha512-E8lTAYNB1KW+FH+VGJuZM1ioAx2E6oVlvQFRrf5P8ZZmsiJXYAD9vTFV7yyEURNzgh1dFqMZuO6tUwcARbqFCA=="],

    "@vue/language-core/@vue/compiler-dom/@vue/compiler-core/entities": ["entities@7.0.1", "", {}, "sha512-TWrgLOFUQTH994YUyl1yT4uyavY5nNB5muff+RtWaqNVCAK408b5ZnnbNAUEWLTCpum9w6arT70i1XdQ4UeOPA=="],

    "@vue/language-core/@vue/compiler-dom/@vue/compiler-core/@babel/parser/@babel/types": ["@babel/types@7.29.8", "", { "dependencies": { "@babel/helper-string-parser": "^7.29.7", "@babel/helper-validator-identifier": "^7.29.7" } }, "sha512-Vj1jF3cPfxg7OAfoI7QnVKLoILlm2JF9pnVHrX8qx7AHMiYWT+NDAA7jChlNgRS4WTLc/fD1lXLmPixluj+3Gg=="],

    "@vue/language-core/@vue/compiler-dom/@vue/compiler-core/@babel/parser/@babel/types/@babel/helper-string-parser": ["@babel/helper-string-parser@7.29.7", "", {}, "sha512-Pb5ijPrZ89GDH8223L4UP8i6QApWxs04RbPQJTeWDV0/keR2E36MeKnyr6LYmUUvqRRI+Iv87SuF1W6ErINzYw=="],

    "@vue/language-core/@vue/compiler-dom/@vue/compiler-core/@babel/parser/@babel/types/@babel/helper-validator-identifier": ["@babel/helper-validator-identifier@7.29.7", "", {}, "sha512-qehxGkRj55h/ff8EMaJ+cYhyaKlHIxqYDn682wQD7RNp9UujOQsHog2uS0r2vzr4pW+sXf90NeeayjcNaX3fFg=="],
  }
}
